
Microsoft Visual Studio Solution File, Format Version 12.00
# Visual Studio Version 16
VisualStudioVersion = 16.0.33801.447
MinimumVisualStudioVersion = 10.0.40219.1
Project("{F184B08F-C81C-45F6-A57F-5ABD9991F28F}") = "sample", "sample\sample.vbproj", "{4379B49A-D0DE-4AC0-AE93-EB709E6F889F}"
EndProject
Global
	GlobalSection(SolutionConfigurationPlatforms) = preSolution
		Debug|Any CPU = Debug|Any CPU
		Release|Any CPU = Release|Any CPU
	EndGlobalSection
	GlobalSection(ProjectConfigurationPlatforms) = postSolution
		{4379B49A-D0DE-4AC0-AE93-EB709E6F889F}.Debug|Any CPU.ActiveCfg = Debug|Any CPU
		{4379B49A-D0DE-4AC0-AE93-EB709E6F889F}.Debug|Any CPU.Build.0 = Debug|Any CPU
		{4379B49A-D0DE-4AC0-AE93-EB709E6F889F}.Release|Any CPU.ActiveCfg = Release|Any CPU
		{4379B49A-D0DE-4AC0-AE93-EB709E6F889F}.Release|Any CPU.Build.0 = Release|Any CPU
	EndGlobalSection
	GlobalSection(SolutionProperties) = preSolution
		HideSolutionNode = FALSE
	EndGlobalSection
	GlobalSection(ExtensibilityGlobals) = postSolution
		SolutionGuid = {BC746978-F694-446E-9FE9-7A5EB8F84EBD}
	EndGlobalSection
EndGlobal
